
Microsoft Visual Studio Solution File, Format Version 12.00
# Visual Studio Version 17
VisualStudioVersion = 17.3.32929.385
MinimumVisualStudioVersion = 10.0.40219.1
Project("{FAE04EC0-301F-11D3-BF4B-00C04F79EFBC}") = "CA_W13_EKA_Y", "CA_W13_EKA_Y\CA_W13_EKA_Y.csproj", "{CED56D23-1B18-4F2D-92FA-E77C11B49071}"
EndProject
Global
	GlobalSection(SolutionConfigurationPlatforms) = preSolution
		Debug|Any CPU = Debug|Any CPU
		Release|Any CPU = Release|Any CPU
	EndGlobalSection
	GlobalSection(ProjectConfigurationPlatforms) = postSolution
		{CED56D23-1B18-4F2D-92FA-E77C11B49071}.Debug|Any CPU.ActiveCfg = Debug|Any CPU
		{CED56D23-1B18-4F2D-92FA-E77C11B49071}.Debug|Any CPU.Build.0 = Debug|Any CPU
		{CED56D23-1B18-4F2D-92FA-E77C11B49071}.Release|Any CPU.ActiveCfg = Release|Any CPU
		{CED56D23-1B18-4F2D-92FA-E77C11B49071}.Release|Any CPU.Build.0 = Release|Any CPU
	EndGlobalSection
	GlobalSection(SolutionProperties) = preSolution
		HideSolutionNode = FALSE
	EndGlobalSection
	GlobalSection(ExtensibilityGlobals) = postSolution
		SolutionGuid = {1A17A3F8-A7F2-42F1-99A1-706A4F74631A}
	EndGlobalSection
EndGlobal
